
Microsoft Visual Studio Solution File, Format Version 12.00
# Visual Studio Version 17
VisualStudioVersion = 17.1.32228.430
MinimumVisualStudioVersion = 10.0.40219.1
Project("{9A19103F-16F7-4668-BE54-9A1E7A4F7556}") = "DataProtection.Web", "DataProtection.Web\DataProtection.Web.csproj", "{F0987910-513B-4DB5-8931-774473394FFB}"
EndProject
Project("{9A19103F-16F7-4668-BE54-9A1E7A4F7556}") = "WhiteBlackList.Web", "WhiteBlackList.Web\WhiteBlackList.Web.csproj", "{F31D8481-3077-46FC-B9B7-C437B335D911}"
EndProject
Project("{FAE04EC0-301F-11D3-BF4B-00C04F79EFBC}") = "SecretProtection.Web", "SecretProtection.Web\SecretProtection.Web.csproj", "{962D968E-1817-4312-B6CB-76C69C99AABB}"
EndProject
Project("{FAE04EC0-301F-11D3-BF4B-00C04F79EFBC}") = "MyWeb.API", "MyWeb.API\MyWeb.API.csproj", "{9CFDE688-C581-464C-A34E-2F0E90440C84}"
EndProject
Project("{FAE04EC0-301F-11D3-BF4B-00C04F79EFBC}") = "MyWeb.Web", "MyWeb.Web\MyWeb.Web.csproj", "{16DD2AF7-49E6-46A7-981D-033B119A5C6C}"
EndProject
Global
	GlobalSection(SolutionConfigurationPlatforms) = preSolution
		Debug|Any CPU = Debug|Any CPU
		Release|Any CPU = Release|Any CPU
	EndGlobalSection
	GlobalSection(ProjectConfigurationPlatforms) = postSolution
		{F0987910-513B-4DB5-8931-774473394FFB}.Debug|Any CPU.ActiveCfg = Debug|Any CPU
		{F0987910-513B-4DB5-8931-774473394FFB}.Debug|Any CPU.Build.0 = Debug|Any CPU
		{F0987910-513B-4DB5-8931-774473394FFB}.Release|Any CPU.ActiveCfg = Release|Any CPU
		{F0987910-513B-4DB5-8931-774473394FFB}.Release|Any CPU.Build.0 = Release|Any CPU
		{F31D8481-3077-46FC-B9B7-C437B335D911}.Debug|Any CPU.ActiveCfg = Debug|Any CPU
		{F31D8481-3077-46FC-B9B7-C437B335D911}.Debug|Any CPU.Build.0 = Debug|Any CPU
		{F31D8481-3077-46FC-B9B7-C437B335D911}.Release|Any CPU.ActiveCfg = Release|Any CPU
		{F31D8481-3077-46FC-B9B7-C437B335D911}.Release|Any CPU.Build.0 = Release|Any CPU
		{962D968E-1817-4312-B6CB-76C69C99AABB}.Debug|Any CPU.ActiveCfg = Debug|Any CPU
		{962D968E-1817-4312-B6CB-76C69C99AABB}.Debug|Any CPU.Build.0 = Debug|Any CPU
		{962D968E-1817-4312-B6CB-76C69C99AABB}.Release|Any CPU.ActiveCfg = Release|Any CPU
		{962D968E-1817-4312-B6CB-76C69C99AABB}.Release|Any CPU.Build.0 = Release|Any CPU
		{9CFDE688-C581-464C-A34E-2F0E90440C84}.Debug|Any CPU.ActiveCfg = Debug|Any CPU
		{9CFDE688-C581-464C-A34E-2F0E90440C84}.Debug|Any CPU.Build.0 = Debug|Any CPU
		{9CFDE688-C581-464C-A34E-2F0E90440C84}.Release|Any CPU.ActiveCfg = Release|Any CPU
		{9CFDE688-C581-464C-A34E-2F0E90440C84}.Release|Any CPU.Build.0 = Release|Any CPU
		{16DD2AF7-49E6-46A7-981D-033B119A5C6C}.Debug|Any CPU.ActiveCfg = Debug|Any CPU
		{16DD2AF7-49E6-46A7-981D-033B119A5C6C}.Debug|Any CPU.Build.0 = Debug|Any CPU
		{16DD2AF7-49E6-46A7-981D-033B119A5C6C}.Release|Any CPU.ActiveCfg = Release|Any CPU
		{16DD2AF7-49E6-46A7-981D-033B119A5C6C}.Release|Any CPU.Build.0 = Release|Any CPU
	EndGlobalSection
	GlobalSection(SolutionProperties) = preSolution
		HideSolutionNode = FALSE
	EndGlobalSection
	GlobalSection(ExtensibilityGlobals) = postSolution
		SolutionGuid = {EF7AD51C-335A-4F17-B8C6-7994303AB432}
	EndGlobalSection
EndGlobal
